[root]
name = "spongedown"
version = "0.1.1"
dependencies = [
 "comic 0.1.0 (registry+https://github.com/rust-lang/crates.io-index)",
 "csv 0.15.0 (registry+https://github.com/rust-lang/crates.io-index)",
 "error-chain 0.10.0 (registry+https://github.com/rust-lang/crates.io-index)",
 "handlebars 0.21.1 (registry+https://github.com/rust-lang/crates.io-index)",
 "pulldown-cmark 0.0.14 (registry+https://github.com/rust-lang/crates.io-index)",
 "svgbob 0.1.10 (registry+https://github.com/rust-lang/crates.io-index)",
]

[[package]]
name = "backtrace"
version = "0.3.0"
source = "registry+https://github.com/rust-lang/crates.io-index"
dependencies = [
 "backtrace-sys 0.1.10 (registry+https://github.com/rust-lang/crates.io-index)",
 "cfg-if 0.1.0 (registry+https://github.com/rust-lang/crates.io-index)",
 "dbghelp-sys 0.2.0 (registry+https://github.com/rust-lang/crates.io-index)",
 "kernel32-sys 0.2.2 (registry+https://github.com/rust-lang/crates.io-index)",
 "libc 0.2.21 (registry+https://github.com/rust-lang/crates.io-index)",
 "rustc-demangle 0.1.4 (registry+https://github.com/rust-lang/crates.io-index)",
 "winapi 0.2.8 (registry+https://github.com/rust-lang/crates.io-index)",
]

[[package]]
name = "backtrace-sys"
version = "0.1.10"
source = "registry+https://github.com/rust-lang/crates.io-index"
dependencies = [
 "gcc 0.3.45 (registry+https://github.com/rust-lang/crates.io-index)",
 "libc 0.2.21 (registry+https://github.com/rust-lang/crates.io-index)",
]

[[package]]
name = "bitflags"
version = "0.8.2"
source = "registry+https://github.com/rust-lang/crates.io-index"

[[package]]
name = "byteorder"
version = "1.0.0"
source = "registry+https://github.com/rust-lang/crates.io-index"

[[package]]
name = "cfg-if"
version = "0.1.0"
source = "registry+https://github.com/rust-lang/crates.io-index"

[[package]]
name = "comic"
version = "0.1.0"
source = "registry+https://github.com/rust-lang/crates.io-index"
dependencies = [
 "domafic 0.1.2 (registry+https://github.com/rust-lang/crates.io-index)",
 "memenhancer 0.1.0 (registry+https://github.com/rust-lang/crates.io-index)",
 "svg 0.5.5 (registry+https://github.com/rust-lang/crates.io-index)",
 "svgbob 0.1.10 (registry+https://github.com/rust-lang/crates.io-index)",
]

[[package]]
name = "csv"
version = "0.15.0"
source = "registry+https://github.com/rust-lang/crates.io-index"
dependencies = [
 "byteorder 1.0.0 (registry+https://github.com/rust-lang/crates.io-index)",
 "memchr 1.0.1 (registry+https://github.com/rust-lang/crates.io-index)",
 "rustc-serialize 0.3.23 (registry+https://github.com/rust-lang/crates.io-index)",
]

[[package]]
name = "dbghelp-sys"
version = "0.2.0"
source = "registry+https://github.com/rust-lang/crates.io-index"
dependencies = [
 "winapi 0.2.8 (registry+https://github.com/rust-lang/crates.io-index)",
 "winapi-build 0.1.1 (registry+https://github.com/rust-lang/crates.io-index)",
]

[[package]]
name = "domafic"
version = "0.1.2"
source = "registry+https://github.com/rust-lang/crates.io-index"
dependencies = [
 "either_n 0.2.0 (registry+https://github.com/rust-lang/crates.io-index)",
 "libc 0.2.21 (registry+https://github.com/rust-lang/crates.io-index)",
]

[[package]]
name = "either_n"
version = "0.2.0"
source = "registry+https://github.com/rust-lang/crates.io-index"

[[package]]
name = "error-chain"
version = "0.10.0"
source = "registry+https://github.com/rust-lang/crates.io-index"
dependencies = [
 "backtrace 0.3.0 (registry+https://github.com/rust-lang/crates.io-index)",
]

[[package]]
name = "gcc"
version = "0.3.45"
source = "registry+https://github.com/rust-lang/crates.io-index"

[[package]]
name = "getopts"
version = "0.2.14"
source = "registry+https://github.com/rust-lang/crates.io-index"

[[package]]
name = "handlebars"
version = "0.21.1"
source = "registry+https://github.com/rust-lang/crates.io-index"
dependencies = [
 "log 0.3.7 (registry+https://github.com/rust-lang/crates.io-index)",
 "pest 0.3.3 (registry+https://github.com/rust-lang/crates.io-index)",
 "quick-error 1.1.0 (registry+https://github.com/rust-lang/crates.io-index)",
 "rustc-serialize 0.3.23 (registry+https://github.com/rust-lang/crates.io-index)",
]

[[package]]
name = "kernel32-sys"
version = "0.2.2"
source = "registry+https://github.com/rust-lang/crates.io-index"
dependencies = [
 "winapi 0.2.8 (registry+https://github.com/rust-lang/crates.io-index)",
 "winapi-build 0.1.1 (registry+https://github.com/rust-lang/crates.io-index)",
]

[[package]]
name = "libc"
version = "0.2.21"
source = "registry+https://github.com/rust-lang/crates.io-index"

[[package]]
name = "log"
version = "0.3.7"
source = "registry+https://github.com/rust-lang/crates.io-index"

[[package]]
name = "memchr"
version = "1.0.1"
source = "registry+https://github.com/rust-lang/crates.io-index"
dependencies = [
 "libc 0.2.21 (registry+https://github.com/rust-lang/crates.io-index)",
]

[[package]]
name = "memenhancer"
version = "0.1.0"
source = "registry+https://github.com/rust-lang/crates.io-index"
dependencies = [
 "svg 0.5.5 (registry+https://github.com/rust-lang/crates.io-index)",
 "unicode-width 0.1.4 (registry+https://github.com/rust-lang/crates.io-index)",
]

[[package]]
name = "pest"
version = "0.3.3"
source = "registry+https://github.com/rust-lang/crates.io-index"

[[package]]
name = "pulldown-cmark"
version = "0.0.14"
source = "registry+https://github.com/rust-lang/crates.io-index"
dependencies = [
 "bitflags 0.8.2 (registry+https://github.com/rust-lang/crates.io-index)",
 "getopts 0.2.14 (registry+https://github.com/rust-lang/crates.io-index)",
]

[[package]]
name = "quick-error"
version = "1.1.0"
source = "registry+https://github.com/rust-lang/crates.io-index"

[[package]]
name = "rustc-demangle"
version = "0.1.4"
source = "registry+https://github.com/rust-lang/crates.io-index"

[[package]]
name = "rustc-serialize"
version = "0.3.23"
source = "registry+https://github.com/rust-lang/crates.io-index"

[[package]]
name = "svg"
version = "0.5.5"
source = "registry+https://github.com/rust-lang/crates.io-index"

[[package]]
name = "svgbob"
version = "0.1.10"
source = "registry+https://github.com/rust-lang/crates.io-index"
dependencies = [
 "svg 0.5.5 (registry+https://github.com/rust-lang/crates.io-index)",
 "unicode-width 0.1.4 (registry+https://github.com/rust-lang/crates.io-index)",
]

[[package]]
name = "unicode-width"
version = "0.1.4"
source = "registry+https://github.com/rust-lang/crates.io-index"

[[package]]
name = "winapi"
version = "0.2.8"
source = "registry+https://github.com/rust-lang/crates.io-index"

[[package]]
name = "winapi-build"
version = "0.1.1"
source = "registry+https://github.com/rust-lang/crates.io-index"

[metadata]
"checksum backtrace 0.3.0 (registry+https://github.com/rust-lang/crates.io-index)" = "f551bc2ddd53aea015d453ef0b635af89444afa5ed2405dd0b2062ad5d600d80"
"checksum backtrace-sys 0.1.10 (registry+https://github.com/rust-lang/crates.io-index)" = "d192fd129132fbc97497c1f2ec2c2c5174e376b95f535199ef4fe0a293d33842"
"checksum bitflags 0.8.2 (registry+https://github.com/rust-lang/crates.io-index)" = "1370e9fc2a6ae53aea8b7a5110edbd08836ed87c88736dfabccade1c2b44bff4"
"checksum byteorder 1.0.0 (registry+https://github.com/rust-lang/crates.io-index)" = "c40977b0ee6b9885c9013cd41d9feffdd22deb3bb4dc3a71d901cc7a77de18c8"
"checksum cfg-if 0.1.0 (registry+https://github.com/rust-lang/crates.io-index)" = "de1e760d7b6535af4241fca8bd8adf68e2e7edacc6b29f5d399050c5e48cf88c"
"checksum comic 0.1.0 (registry+https://github.com/rust-lang/crates.io-index)" = "5de19aad050434e706639100cb23d1536c6abeefbd362a7f072b10206877153f"
"checksum csv 0.15.0 (registry+https://github.com/rust-lang/crates.io-index)" = "7ef22b37c7a51c564a365892c012dc0271221fdcc64c69b19ba4d6fa8bd96d9c"
"checksum dbghelp-sys 0.2.0 (registry+https://github.com/rust-lang/crates.io-index)" = "97590ba53bcb8ac28279161ca943a924d1fd4a8fb3fa63302591647c4fc5b850"
"checksum domafic 0.1.2 (registry+https://github.com/rust-lang/crates.io-index)" = "543a6ceee961070a82d27b321ad8e2af7c9b7a3ca88892589814b2ebde7f0c6c"
"checksum either_n 0.2.0 (registry+https://github.com/rust-lang/crates.io-index)" = "4c91ae510829160d5cfb19eb4ae7b6e01d44b767ca8f727c6cee936e53cc9ae5"
"checksum error-chain 0.10.0 (registry+https://github.com/rust-lang/crates.io-index)" = "d9435d864e017c3c6afeac1654189b06cdb491cf2ff73dbf0d73b0f292f42ff8"
"checksum gcc 0.3.45 (registry+https://github.com/rust-lang/crates.io-index)" = "40899336fb50db0c78710f53e87afc54d8c7266fb76262fecc78ca1a7f09deae"
"checksum getopts 0.2.14 (registry+https://github.com/rust-lang/crates.io-index)" = "d9047cfbd08a437050b363d35ef160452c5fe8ea5187ae0a624708c91581d685"
"checksum handlebars 0.21.1 (registry+https://github.com/rust-lang/crates.io-index)" = "937e9d49d65ffb5f70e95710a6c8539addf40200275ad8b6cdba0f0a59d5814d"
"checksum kernel32-sys 0.2.2 (registry+https://github.com/rust-lang/crates.io-index)" = "7507624b29483431c0ba2d82aece8ca6cdba9382bff4ddd0f7490560c056098d"
"checksum libc 0.2.21 (registry+https://github.com/rust-lang/crates.io-index)" = "88ee81885f9f04bff991e306fea7c1c60a5f0f9e409e99f6b40e3311a3363135"
"checksum log 0.3.7 (registry+https://github.com/rust-lang/crates.io-index)" = "5141eca02775a762cc6cd564d8d2c50f67c0ea3a372cbf1c51592b3e029e10ad"
"checksum memchr 1.0.1 (registry+https://github.com/rust-lang/crates.io-index)" = "1dbccc0e46f1ea47b9f17e6d67c5a96bd27030519c519c9c91327e31275a47b4"
"checksum memenhancer 0.1.0 (registry+https://github.com/rust-lang/crates.io-index)" = "c6e1cd7955d7df0297fef0a30f5c42af182e30667b24dabb8432a9ad26f9035b"
"checksum pest 0.3.3 (registry+https://github.com/rust-lang/crates.io-index)" = "0a6dda33d67c26f0aac90d324ab2eb7239c819fc7b2552fe9faa4fe88441edc8"
"checksum pulldown-cmark 0.0.14 (registry+https://github.com/rust-lang/crates.io-index)" = "d9ab1e588ef8efd702c7ed9d2bd774db5e6f4d878bb5a1a9f371828fbdff6973"
"checksum quick-error 1.1.0 (registry+https://github.com/rust-lang/crates.io-index)" = "0aad603e8d7fb67da22dbdf1f4b826ce8829e406124109e73cf1b2454b93a71c"
"checksum rustc-demangle 0.1.4 (registry+https://github.com/rust-lang/crates.io-index)" = "3058a43ada2c2d0b92b3ae38007a2d0fa5e9db971be260e0171408a4ff471c95"
"checksum rustc-serialize 0.3.23 (registry+https://github.com/rust-lang/crates.io-index)" = "684ce48436d6465300c9ea783b6b14c4361d6b8dcbb1375b486a69cc19e2dfb0"
"checksum svg 0.5.5 (registry+https://github.com/rust-lang/crates.io-index)" = "4308c7f639ecd0062b4020323ca3fdce156190132211c337b82c7389f7a110c6"
"checksum svgbob 0.1.10 (registry+https://github.com/rust-lang/crates.io-index)" = "94f4b5061d874508a33f0d072d89fc60271d85d131db27186da577c89053d805"
"checksum unicode-width 0.1.4 (registry+https://github.com/rust-lang/crates.io-index)" = "bf3a113775714a22dcb774d8ea3655c53a32debae63a063acc00a91cc586245f"
"checksum winapi 0.2.8 (registry+https://github.com/rust-lang/crates.io-index)" = "167dc9d6949a9b857f3451275e911c3f44255842c1f7a76f33c55103a909087a"
"checksum winapi-build 0.1.1 (registry+https://github.com/rust-lang/crates.io-index)" = "2d315eee3b34aca4797b2da6b13ed88266e6d612562a0c46390af8299fc699bc"
